
Microsoft Visual Studio Solution File, Format Version 12.00
# Visual Studio Version 17
VisualStudioVersion = 17.9.34616.47
MinimumVisualStudioVersion = 10.0.40219.1
Project("{778DAE3C-4631-46EA-AA77-85C1314464D9}") = "M2ExamCreator", "M2ExamCreator\M2ExamCreator.vbproj", "{D41D2C4B-836C-42D2-BE4A-9C3740CA2F2F}"
EndProject
Global
	GlobalSection(SolutionConfigurationPlatforms) = preSolution
		Debug|Any CPU = Debug|Any CPU
		Release|Any CPU = Release|Any CPU
	EndGlobalSection
	GlobalSection(ProjectConfigurationPlatforms) = postSolution
		{D41D2C4B-836C-42D2-BE4A-9C3740CA2F2F}.Debug|Any CPU.ActiveCfg = Release|Any CPU
		{D41D2C4B-836C-42D2-BE4A-9C3740CA2F2F}.Debug|Any CPU.Build.0 = Release|Any CPU
		{D41D2C4B-836C-42D2-BE4A-9C3740CA2F2F}.Release|Any CPU.ActiveCfg = Release|Any CPU
		{D41D2C4B-836C-42D2-BE4A-9C3740CA2F2F}.Release|Any CPU.Build.0 = Release|Any CPU
	EndGlobalSection
	GlobalSection(SolutionProperties) = preSolution
		HideSolutionNode = FALSE
	EndGlobalSection
	GlobalSection(ExtensibilityGlobals) = postSolution
		SolutionGuid = {13A6A7BB-B784-4400-B3B0-1D20333362EF}
	EndGlobalSection
EndGlobal
